<?xml version="1.0" encoding="utf-8"?>
<Project ToolsVersion="4.0" xmlns="http://schemas.microsoft.com/developer/msbuild/2003">
  <ItemGroup>
    <Filter Include="Logger">
      <UniqueIdentifier>{1c31e019-1ac1-45fd-88e3-88e317061065}</UniqueIdentifier>
    </Filter>
    <Filter Include="Logger\sinks">
      <UniqueIdentifier>{0e06de95-b77b-437d-b38b-7409d861f42c}</UniqueIdentifier>
    </Filter>
    <Filter Include="Logger\format">
      <UniqueIdentifier>{c89b495e-4d7b-46d8-8d58-6090784c42cd}</UniqueIdentifier>
    </Filter>
    <Filter Include="Logger\customFormatters">
      <UniqueIdentifier>{53ad92db-af32-4140-85c4-24dbf9b10731}</UniqueIdentifier>
    </Filter>
    <Filter Include="win">
      <UniqueIdentifier>{4FC737F1-C7A5-4376-A066-2A32D752A2FF}</UniqueIdentifier>
      <Extensions>cpp;c;cc;cxx;c++;cppm;ixx;def;odl;idl;hpj;bat;asm;asmx</Extensions>
    </Filter>
    <Filter Include="Logger\utils">
      <UniqueIdentifier>{ef4b0eea-0a4c-4151-ae83-a79eae53f4be}</UniqueIdentifier>
    </Filter>
    <Filter Include="Logger\logger">
      <UniqueIdentifier>{701fb1b6-6f39-4dc7-a142-c9df8d6c2bdd}</UniqueIdentifier>
    </Filter>
  </ItemGroup>
  <ItemGroup>
    <ClCompile Include="pch.cpp">
      <Filter>win</Filter>
    </ClCompile>
    <ClCompile Include="..\..\format\Format.cpp">
      <Filter>Logger\format</Filter>
    </ClCompile>
    <ClCompile Include="..\..\format\FormatResolver.cpp">
      <Filter>Logger\format</Filter>
    </ClCompile>
    <ClCompile Include="..\..\format\FormatTraits.cpp">
      <Filter>Logger\format</Filter>
    </ClCompile>
    <ClCompile Include="..\..\sinks\SinkBase.cpp">
      <Filter>Logger\sinks</Filter>
    </ClCompile>
    <ClCompile Include="..\..\sinks\WinApiFileSink.cpp">
      <Filter>Logger\sinks</Filter>
    </ClCompile>
    <ClCompile Include="..\..\sinks\WindowsDebugStreamSink.cpp">
      <Filter>Logger\sinks</Filter>
    </ClCompile>
    <ClCompile Include="..\..\sinks\WinRtFileSink.cpp">
      <Filter>Logger\sinks</Filter>
    </ClCompile>
    <ClCompile Include="..\..\sinks\StdFileSink.cpp">
      <Filter>Logger\sinks</Filter>
    </ClCompile>
    <ClCompile Include="..\LoggerTests.cpp" />
    <ClCompile Include="..\..\utils\StatisticData.cpp">
      <Filter>Logger\utils</Filter>
    </ClCompile>
    <ClCompile Include="..\..\logger\Logger.cpp">
      <Filter>Logger\logger</Filter>
    </ClCompile>
    <ClCompile Include="..\..\utils\LoggerProvider.cpp">
      <Filter>Logger\utils</Filter>
    </ClCompile>
    <ClCompile Include="..\..\utils\OsWindows.cpp">
      <Filter>Logger\utils</Filter>
    </ClCompile>
    <ClCompile Include="..\..\logger\ThreadsNames.cpp">
      <Filter>Logger\logger</Filter>
    </ClCompile>
  </ItemGroup>
  <ItemGroup>
    <ClInclude Include="pch.h">
      <Filter>win</Filter>
    </ClInclude>
    <ClInclude Include="..\..\format\Format.h">
      <Filter>Logger\format</Filter>
    </ClInclude>
    <ClInclude Include="..\..\format\FormatResolver.h">
      <Filter>Logger\format</Filter>
    </ClInclude>
    <ClInclude Include="..\..\format\FormatTraits.h">
      <Filter>Logger\format</Filter>
    </ClInclude>
    <ClInclude Include="..\..\sinks\ISink.h">
      <Filter>Logger\sinks</Filter>
    </ClInclude>
    <ClInclude Include="..\..\sinks\SinkBase.h">
      <Filter>Logger\sinks</Filter>
    </ClInclude>
    <ClInclude Include="..\..\sinks\StdFileSink.h">
      <Filter>Logger\sinks</Filter>
    </ClInclude>
    <ClInclude Include="..\..\sinks\WinApiFileSink.h">
      <Filter>Logger\sinks</Filter>
    </ClInclude>
    <ClInclude Include="..\..\sinks\WinRtFileSink.h">
      <Filter>Logger\sinks</Filter>
    </ClInclude>
    <ClInclude Include="..\..\sinks\WindowsDebugStreamSink.h">
      <Filter>Logger\sinks</Filter>
    </ClInclude>
    <ClInclude Include="..\..\customFormatters\StdTypes.h">
      <Filter>Logger\customFormatters</Filter>
    </ClInclude>
    <ClInclude Include="..\..\customFormatters\WindowsSpecific.h">
      <Filter>Logger\customFormatters</Filter>
    </ClInclude>
    <ClInclude Include="..\..\utils\LoggerMacros.h">
      <Filter>Logger\utils</Filter>
    </ClInclude>
    <ClInclude Include="..\..\utils\StatisticData.h">
      <Filter>Logger\utils</Filter>
    </ClInclude>
    <ClInclude Include="..\..\utils\ThreadNameSetter.h">
      <Filter>Logger\utils</Filter>
    </ClInclude>
    <ClInclude Include="..\..\Logger.h">
      <Filter>Logger\logger</Filter>
    </ClInclude>
    <ClInclude Include="..\..\MessageBuilder.h">
      <Filter>Logger\logger</Filter>
    </ClInclude>
    <ClInclude Include="..\..\utils\LoggerProvider.h">
      <Filter>Logger\utils</Filter>
    </ClInclude>
    <ClInclude Include="..\..\utils\Os.h">
      <Filter>Logger\utils</Filter>
    </ClInclude>
    <ClInclude Include="..\..\ThreadsNames.h">
      <Filter>Logger\logger</Filter>
    </ClInclude>
    <ClInclude Include="..\..\utils\Types.h">
      <Filter>Logger\utils</Filter>
    </ClInclude>
  </ItemGroup>
</Project>